
Microsoft Visual Studio Solution File, Format Version 12.00
# Visual Studio Version 16
VisualStudioVersion = 16.0.29920.165
MinimumVisualStudioVersion = 10.0.40219.1
Project("{9A19103F-16F7-4668-BE54-9A1E7A4F7556}") = "BlazorComponent", "C:\Users\zhang\source\repos\LearningBlazor\BlazorComponent\BlazorComponent.csproj", "{7903300D-4930-46A1-A87D-ED3891211703}"
EndProject
Project("{9A19103F-16F7-4668-BE54-9A1E7A4F7556}") = "BlazorInterop", "BlazorInterop\BlazorInterop.csproj", "{A651418F-93D9-444D-9CFA-B7C038B368A0}"
EndProject
Project("{9A19103F-16F7-4668-BE54-9A1E7A4F7556}") = "BlazorLifecycle", "BlazorLifecycle\BlazorLifecycle.csproj", "{43EA3121-5BE7-4812-8F14-47C18843D403}"
EndProject
Project("{9A19103F-16F7-4668-BE54-9A1E7A4F7556}") = "BlazorBind", "BlazorBind\BlazorBind.csproj", "{F0F3C530-300A-4AD9-B389-87BB40CB1309}"
EndProject
Project("{9A19103F-16F7-4668-BE54-9A1E7A4F7556}") = "BlazorCrossComponentInterop", "BlazorCrossComponentInterop\BlazorCrossComponentInterop.csproj", "{6A47A1B8-69DC-4942-B02D-D146C9455185}"
EndProject
Project("{2150E333-8FDC-42A3-9474-1A3956D46DE8}") = "BlazorComponentsLibrary", "BlazorComponentsLibrary", "{AC5B49CF-973E-444E-BF0F-28186FAE0BA9}"
EndProject
Project("{FAE04EC0-301F-11D3-BF4B-00C04F79EFBC}") = "BlazorRcl", "BlazorRcl\BlazorRcl.csproj", "{9597CF87-CEBF-4422-9F5A-4C27BA6960D2}"
EndProject
Project("{FAE04EC0-301F-11D3-BF4B-00C04F79EFBC}") = "BlazorRcl.Sample", "BlazorRcl.Sample\BlazorRcl.Sample.csproj", "{58B3081F-925B-46C0-B397-6AE36CE55FCD}"
EndProject
Global
	GlobalSection(SolutionConfigurationPlatforms) = preSolution
		Debug|Any CPU = Debug|Any CPU
		Release|Any CPU = Release|Any CPU
	EndGlobalSection
	GlobalSection(ProjectConfigurationPlatforms) = postSolution
		{7903300D-4930-46A1-A87D-ED3891211703}.Debug|Any CPU.ActiveCfg = Debug|Any CPU
		{7903300D-4930-46A1-A87D-ED3891211703}.Debug|Any CPU.Build.0 = Debug|Any CPU
		{7903300D-4930-46A1-A87D-ED3891211703}.Release|Any CPU.ActiveCfg = Release|Any CPU
		{7903300D-4930-46A1-A87D-ED3891211703}.Release|Any CPU.Build.0 = Release|Any CPU
		{A651418F-93D9-444D-9CFA-B7C038B368A0}.Debug|Any CPU.ActiveCfg = Debug|Any CPU
		{A651418F-93D9-444D-9CFA-B7C038B368A0}.Debug|Any CPU.Build.0 = Debug|Any CPU
		{A651418F-93D9-444D-9CFA-B7C038B368A0}.Release|Any CPU.ActiveCfg = Release|Any CPU
		{A651418F-93D9-444D-9CFA-B7C038B368A0}.Release|Any CPU.Build.0 = Release|Any CPU
		{43EA3121-5BE7-4812-8F14-47C18843D403}.Debug|Any CPU.ActiveCfg = Debug|Any CPU
		{43EA3121-5BE7-4812-8F14-47C18843D403}.Debug|Any CPU.Build.0 = Debug|Any CPU
		{43EA3121-5BE7-4812-8F14-47C18843D403}.Release|Any CPU.ActiveCfg = Release|Any CPU
		{43EA3121-5BE7-4812-8F14-47C18843D403}.Release|Any CPU.Build.0 = Release|Any CPU
		{F0F3C530-300A-4AD9-B389-87BB40CB1309}.Debug|Any CPU.ActiveCfg = Debug|Any CPU
		{F0F3C530-300A-4AD9-B389-87BB40CB1309}.Debug|Any CPU.Build.0 = Debug|Any CPU
		{F0F3C530-300A-4AD9-B389-87BB40CB1309}.Release|Any CPU.ActiveCfg = Release|Any CPU
		{F0F3C530-300A-4AD9-B389-87BB40CB1309}.Release|Any CPU.Build.0 = Release|Any CPU
		{6A47A1B8-69DC-4942-B02D-D146C9455185}.Debug|Any CPU.ActiveCfg = Debug|Any CPU
		{6A47A1B8-69DC-4942-B02D-D146C9455185}.Debug|Any CPU.Build.0 = Debug|Any CPU
		{6A47A1B8-69DC-4942-B02D-D146C9455185}.Release|Any CPU.ActiveCfg = Release|Any CPU
		{6A47A1B8-69DC-4942-B02D-D146C9455185}.Release|Any CPU.Build.0 = Release|Any CPU
		{9597CF87-CEBF-4422-9F5A-4C27BA6960D2}.Debug|Any CPU.ActiveCfg = Debug|Any CPU
		{9597CF87-CEBF-4422-9F5A-4C27BA6960D2}.Debug|Any CPU.Build.0 = Debug|Any CPU
		{9597CF87-CEBF-4422-9F5A-4C27BA6960D2}.Release|Any CPU.ActiveCfg = Release|Any CPU
		{9597CF87-CEBF-4422-9F5A-4C27BA6960D2}.Release|Any CPU.Build.0 = Release|Any CPU
		{58B3081F-925B-46C0-B397-6AE36CE55FCD}.Debug|Any CPU.ActiveCfg = Debug|Any CPU
		{58B3081F-925B-46C0-B397-6AE36CE55FCD}.Debug|Any CPU.Build.0 = Debug|Any CPU
		{58B3081F-925B-46C0-B397-6AE36CE55FCD}.Release|Any CPU.ActiveCfg = Release|Any CPU
		{58B3081F-925B-46C0-B397-6AE36CE55FCD}.Release|Any CPU.Build.0 = Release|Any CPU
	EndGlobalSection
	GlobalSection(SolutionProperties) = preSolution
		HideSolutionNode = FALSE
	EndGlobalSection
	GlobalSection(NestedProjects) = preSolution
		{9597CF87-CEBF-4422-9F5A-4C27BA6960D2} = {AC5B49CF-973E-444E-BF0F-28186FAE0BA9}
		{58B3081F-925B-46C0-B397-6AE36CE55FCD} = {AC5B49CF-973E-444E-BF0F-28186FAE0BA9}
	EndGlobalSection
	GlobalSection(ExtensibilityGlobals) = postSolution
		SolutionGuid = {C191762A-FAFB-4F4A-835E-65372BE4A256}
	EndGlobalSection
EndGlobal
