
Microsoft Visual Studio Solution File, Format Version 12.00
# Visual Studio Version 16
VisualStudioVersion = 16.0.29920.165
MinimumVisualStudioVersion = 10.0.40219.1
Project("{9A19103F-16F7-4668-BE54-9A1E7A4F7556}") = "BlazorComponent", "C:\Users\zhang\source\repos\LearningBlazor\BlazorComponent\BlazorComponent.csproj", "{7903300D-4930-46A1-A87D-ED3891211703}"
EndProject
Project("{FAE04EC0-301F-11D3-BF4B-00C04F79EFBC}") = "BlazorInterop", "BlazorInterop\BlazorInterop.csproj", "{A651418F-93D9-444D-9CFA-B7C038B368A0}"
EndProject
Global
	GlobalSection(SolutionConfigurationPlatforms) = preSolution
		Debug|Any CPU = Debug|Any CPU
		Release|Any CPU = Release|Any CPU
	EndGlobalSection
	GlobalSection(ProjectConfigurationPlatforms) = postSolution
		{7903300D-4930-46A1-A87D-ED3891211703}.Debug|Any CPU.ActiveCfg = Debug|Any CPU
		{7903300D-4930-46A1-A87D-ED3891211703}.Debug|Any CPU.Build.0 = Debug|Any CPU
		{7903300D-4930-46A1-A87D-ED3891211703}.Release|Any CPU.ActiveCfg = Release|Any CPU
		{7903300D-4930-46A1-A87D-ED3891211703}.Release|Any CPU.Build.0 = Release|Any CPU
		{A651418F-93D9-444D-9CFA-B7C038B368A0}.Debug|Any CPU.ActiveCfg = Debug|Any CPU
		{A651418F-93D9-444D-9CFA-B7C038B368A0}.Debug|Any CPU.Build.0 = Debug|Any CPU
		{A651418F-93D9-444D-9CFA-B7C038B368A0}.Release|Any CPU.ActiveCfg = Release|Any CPU
		{A651418F-93D9-444D-9CFA-B7C038B368A0}.Release|Any CPU.Build.0 = Release|Any CPU
	EndGlobalSection
	GlobalSection(SolutionProperties) = preSolution
		HideSolutionNode = FALSE
	EndGlobalSection
	GlobalSection(ExtensibilityGlobals) = postSolution
		SolutionGuid = {C191762A-FAFB-4F4A-835E-65372BE4A256}
	EndGlobalSection
EndGlobal
