
Microsoft Visual Studio Solution File, Format Version 12.00
# Visual Studio Version 16
VisualStudioVersion = 16.0.30709.64
MinimumVisualStudioVersion = 10.0.40219.1
Project("{9A19103F-16F7-4668-BE54-9A1E7A4F7556}") = "CssIsolation", "CssIsolation.csproj", "{5B6793D9-23A4-4610-A920-BE36AC5D32E3}"
EndProject
Project("{2150E333-8FDC-42A3-9474-1A3956D46DE8}") = "Solution Items", "Solution Items", "{E351EAA7-D558-4732-A807-0E1B575EC472}"
	ProjectSection(SolutionItems) = preProject
		commands.json = commands.json
	EndProjectSection
EndProject
Global
	GlobalSection(SolutionConfigurationPlatforms) = preSolution
		Debug|Any CPU = Debug|Any CPU
		Release|Any CPU = Release|Any CPU
	EndGlobalSection
	GlobalSection(ProjectConfigurationPlatforms) = postSolution
		{5B6793D9-23A4-4610-A920-BE36AC5D32E3}.Debug|Any CPU.ActiveCfg = Debug|Any CPU
		{5B6793D9-23A4-4610-A920-BE36AC5D32E3}.Debug|Any CPU.Build.0 = Debug|Any CPU
		{5B6793D9-23A4-4610-A920-BE36AC5D32E3}.Release|Any CPU.ActiveCfg = Release|Any CPU
		{5B6793D9-23A4-4610-A920-BE36AC5D32E3}.Release|Any CPU.Build.0 = Release|Any CPU
	EndGlobalSection
	GlobalSection(SolutionProperties) = preSolution
		HideSolutionNode = FALSE
	EndGlobalSection
	GlobalSection(ExtensibilityGlobals) = postSolution
		SolutionGuid = {A52836F6-48FE-4402-9BBD-9B7D6841AAE6}
	EndGlobalSection
EndGlobal
